
Microsoft Visual Studio Solution File, Format Version 12.00
# Visual Studio Version 17
VisualStudioVersion = 17.8.34316.72
MinimumVisualStudioVersion = 10.0.40219.1
Project("{9A19103F-16F7-4668-BE54-9A1E7A4F7556}") = "MissensZooAPI", "MissensZooAPI.csproj", "{C79971F7-406B-47DC-BEFA-BD9E3E79170B}"
EndProject
Global
	GlobalSection(SolutionConfigurationPlatforms) = preSolution
		Debug|Any CPU = Debug|Any CPU
		Release|Any CPU = Release|Any CPU
	EndGlobalSection
	GlobalSection(ProjectConfigurationPlatforms) = postSolution
		{C79971F7-406B-47DC-BEFA-BD9E3E79170B}.Debug|Any CPU.ActiveCfg = Debug|Any CPU
		{C79971F7-406B-47DC-BEFA-BD9E3E79170B}.Debug|Any CPU.Build.0 = Debug|Any CPU
		{C79971F7-406B-47DC-BEFA-BD9E3E79170B}.Release|Any CPU.ActiveCfg = Release|Any CPU
		{C79971F7-406B-47DC-BEFA-BD9E3E79170B}.Release|Any CPU.Build.0 = Release|Any CPU
	EndGlobalSection
	GlobalSection(SolutionProperties) = preSolution
		HideSolutionNode = FALSE
	EndGlobalSection
	GlobalSection(ExtensibilityGlobals) = postSolution
		SolutionGuid = {EF97A80E-1226-4EA9-A1A8-D8166493E6F3}
	EndGlobalSection
EndGlobal
